// !$*UTF8*$!
{
	archiveVersion = 1;
	classes = {
	};
	objectVersion = 46;
	objects = {

/* Begin PBXBuildFile section */
		8F41A8511C17CDC900EB59A3 /* bruteforce.cpp in Sources */ = {isa = PBXBuildFile; fileRef = 8F41A8471C17CDC900EB59A3 /* bruteforce.cpp */; };
		8F41A8521C17CDC900EB59A3 /* Dynamic.cpp in Sources */ = {isa = PBXBuildFile; fileRef = 8F41A8491C17CDC900EB59A3 /* Dynamic.cpp */; };
		8F41A8531C17CDC900EB59A3 /* Greedy.cpp in Sources */ = {isa = PBXBuildFile; fileRef = 8F41A84B1C17CDC900EB59A3 /* Greedy.cpp */; };
		8F41A8541C17CDC900EB59A3 /* KnapSack.cpp in Sources */ = {isa = PBXBuildFile; fileRef = 8F41A84D1C17CDC900EB59A3 /* KnapSack.cpp */; };
		8F41A8561C17CDC900EB59A3 /* tester.cpp in Sources */ = {isa = PBXBuildFile; fileRef = 8F41A8501C17CDC900EB59A3 /* tester.cpp */; };
/* End PBXBuildFile section */

/* Begin PBXCopyFilesBuildPhase section */
		8F41A83B1C17CC9400EB59A3 /* CopyFiles */ = {
			isa = PBXCopyFilesBuildPhase;
			buildActionMask = 2147483647;
			dstPath = /usr/share/man/man1/;
			dstSubfolderSpec = 0;
			files = (
			);
			runOnlyForDeploymentPostprocessing = 1;
		};
/* End PBXCopyFilesBuildPhase section */

/* Begin PBXFileReference section */
		8F41A83D1C17CC9400EB59A3 /* knapsack3 */ = {isa = PBXFileReference; explicitFileType = "compiled.mach-o.executable"; includeInIndex = 0; path = knapsack3; sourceTree = BUILT_PRODUCTS_DIR; };
		8F41A8471C17CDC900EB59A3 /* bruteforce.cpp */ = {isa = PBXFileReference; fileEncoding = 4; indentWidth = 2; lastKnownFileType = sourcecode.cpp.cpp; path = bruteforce.cpp; sourceTree = "<group>"; tabWidth = 2; };
		8F41A8481C17CDC900EB59A3 /* bruteforce.h */ = {isa = PBXFileReference; fileEncoding = 4; lastKnownFileType = sourcecode.c.h; path = bruteforce.h; sourceTree = "<group>"; };
		8F41A8491C17CDC900EB59A3 /* Dynamic.cpp */ = {isa = PBXFileReference; fileEncoding = 4; indentWidth = 4; lastKnownFileType = sourcecode.cpp.cpp; path = Dynamic.cpp; sourceTree = "<group>"; tabWidth = 4; usesTabs = 1; };
		8F41A84A1C17CDC900EB59A3 /* Dynamic.h */ = {isa = PBXFileReference; fileEncoding = 4; lastKnownFileType = sourcecode.c.h; path = Dynamic.h; sourceTree = "<group>"; };
		8F41A84B1C17CDC900EB59A3 /* Greedy.cpp */ = {isa = PBXFileReference; fileEncoding = 4; lastKnownFileType = sourcecode.cpp.cpp; path = Greedy.cpp; sourceTree = "<group>"; };
		8F41A84C1C17CDC900EB59A3 /* Greedy.h */ = {isa = PBXFileReference; fileEncoding = 4; lastKnownFileType = sourcecode.c.h; path = Greedy.h; sourceTree = "<group>"; };
		8F41A84D1C17CDC900EB59A3 /* KnapSack.cpp */ = {isa = PBXFileReference; fileEncoding = 4; lastKnownFileType = sourcecode.cpp.cpp; path = KnapSack.cpp; sourceTree = "<group>"; };
		8F41A84E1C17CDC900EB59A3 /* KnapSack.h */ = {isa = PBXFileReference; fileEncoding = 4; indentWidth = 2; lastKnownFileType = sourcecode.c.h; path = KnapSack.h; sourceTree = "<group>"; tabWidth = 2; };
		8F41A8501C17CDC900EB59A3 /* tester.cpp */ = {isa = PBXFileReference; fileEncoding = 4; indentWidth = 2; lastKnownFileType = sourcecode.cpp.cpp; path = tester.cpp; sourceTree = "<group>"; tabWidth = 2; usesTabs = 0; wrapsLines = 1; };
/* End PBXFileReference section */

/* Begin PBXFrameworksBuildPhase section */
		8F41A83A1C17CC9400EB59A3 /* Frameworks */ = {
			isa = PBXFrameworksBuildPhase;
			buildActionMask = 2147483647;
			files = (
			);
			runOnlyForDeploymentPostprocessing = 0;
		};
/* End PBXFrameworksBuildPhase section */

/* Begin PBXGroup section */
		8F41A8341C17CC9400EB59A3 = {
			isa = PBXGroup;
			children = (
				8F41A83F1C17CC9400EB59A3 /* knapsack3 */,
				8F41A83E1C17CC9400EB59A3 /* Products */,
			);
			sourceTree = "<group>";
		};
		8F41A83E1C17CC9400EB59A3 /* Products */ = {
			isa = PBXGroup;
			children = (
				8F41A83D1C17CC9400EB59A3 /* knapsack3 */,
			);
			name = Products;
			sourceTree = "<group>";
		};
		8F41A83F1C17CC9400EB59A3 /* knapsack3 */ = {
			isa = PBXGroup;
			children = (
				8F41A8471C17CDC900EB59A3 /* bruteforce.cpp */,
				8F41A8481C17CDC900EB59A3 /* bruteforce.h */,
				8F41A8491C17CDC900EB59A3 /* Dynamic.cpp */,
				8F41A84A1C17CDC900EB59A3 /* Dynamic.h */,
				8F41A84B1C17CDC900EB59A3 /* Greedy.cpp */,
				8F41A84C1C17CDC900EB59A3 /* Greedy.h */,
				8F41A84D1C17CDC900EB59A3 /* KnapSack.cpp */,
				8F41A84E1C17CDC900EB59A3 /* KnapSack.h */,
				8F41A8501C17CDC900EB59A3 /* tester.cpp */,
			);
			path = knapsack3;
			sourceTree = "<group>";
		};
/* End PBXGroup section */

/* Begin PBXNativeTarget section */
		8F41A83C1C17CC9400EB59A3 /* knapsack3 */ = {
			isa = PBXNativeTarget;
			buildConfigurationList = 8F41A8441C17CC9400EB59A3 /* Build configuration list for PBXNativeTarget "knapsack3" */;
			buildPhases = (
				8F41A8391C17CC9400EB59A3 /* Sources */,
				8F41A83A1C17CC9400EB59A3 /* Frameworks */,
				8F41A83B1C17CC9400EB59A3 /* CopyFiles */,
			);
			buildRules = (
			);
			dependencies = (
			);
			name = knapsack3;
			productName = knapsack3;
			productReference = 8F41A83D1C17CC9400EB59A3 /* knapsack3 */;
			productType = "com.apple.product-type.tool";
		};
/* End PBXNativeTarget section */

/* Begin PBXProject section */
		8F41A8351C17CC9400EB59A3 /* Project object */ = {
			isa = PBXProject;
			attributes = {
				KnownAssetTags = (
					New,
				);
				LastUpgradeCheck = 0710;
				ORGANIZATIONNAME = Geoffrey;
				TargetAttributes = {
					8F41A83C1C17CC9400EB59A3 = {
						CreatedOnToolsVersion = 7.1.1;
					};
				};
			};
			buildConfigurationList = 8F41A8381C17CC9400EB59A3 /* Build configuration list for PBXProject "knapsack3" */;
			compatibilityVersion = "Xcode 3.2";
			developmentRegion = English;
			hasScannedForEncodings = 0;
			knownRegions = (
				en,
			);
			mainGroup = 8F41A8341C17CC9400EB59A3;
			productRefGroup = 8F41A83E1C17CC9400EB59A3 /* Products */;
			projectDirPath = "";
			projectRoot = "";
			targets = (
				8F41A83C1C17CC9400EB59A3 /* knapsack3 */,
			);
		};
/* End PBXProject section */

/* Begin PBXSourcesBuildPhase section */
		8F41A8391C17CC9400EB59A3 /* Sources */ = {
			isa = PBXSourcesBuildPhase;
			buildActionMask = 2147483647;
			files = (
				8F41A8511C17CDC900EB59A3 /* bruteforce.cpp in Sources */,
				8F41A8521C17CDC900EB59A3 /* Dynamic.cpp in Sources */,
				8F41A8561C17CDC900EB59A3 /* tester.cpp in Sources */,
				8F41A8541C17CDC900EB59A3 /* KnapSack.cpp in Sources */,
				8F41A8531C17CDC900EB59A3 /* Greedy.cpp in Sources */,
			);
			runOnlyForDeploymentPostprocessing = 0;
		};
/* End PBXSourcesBuildPhase section */

/* Begin XCBuildConfiguration section */
		8F41A8421C17CC9400EB59A3 /* Debug */ = {
			isa = XCBuildConfiguration;
			buildSettings = {
				ALWAYS_SEARCH_USER_PATHS = NO;
				CLANG_CXX_LANGUAGE_STANDARD = "gnu++0x";
				CLANG_CXX_LIBRARY = "libc++";
				CLANG_ENABLE_MODULES = YES;
				CLANG_ENABLE_OBJC_ARC = YES;
				CLANG_WARN_BOOL_CONVERSION = YES;
				CLANG_WARN_CONSTANT_CONVERSION = YES;
				CLANG_WARN_DIRECT_OBJC_ISA_USAGE = YES_ERROR;
				CLANG_WARN_EMPTY_BODY = YES;
				CLANG_WARN_ENUM_CONVERSION = YES;
				CLANG_WARN_INT_CONVERSION = YES;
				CLANG_WARN_OBJC_ROOT_CLASS = YES_ERROR;
				CLANG_WARN_UNREACHABLE_CODE = YES;
				CLANG_WARN__DUPLICATE_METHOD_MATCH = YES;
				CODE_SIGN_IDENTITY = "-";
				COPY_PHASE_STRIP = NO;
				DEBUG_INFORMATION_FORMAT = dwarf;
				ENABLE_STRICT_OBJC_MSGSEND = YES;
				ENABLE_TESTABILITY = YES;
				GCC_C_LANGUAGE_STANDARD = gnu99;
				GCC_DYNAMIC_NO_PIC = NO;
				GCC_NO_COMMON_BLOCKS = YES;
				GCC_OPTIMIZATION_LEVEL = 0;
				GCC_PREPROCESSOR_DEFINITIONS = (
					"DEBUG=1",
					"$(inherited)",
				);
				GCC_WARN_64_TO_32_BIT_CONVERSION = YES;
				GCC_WARN_ABOUT_RETURN_TYPE = YES_ERROR;
				GCC_WARN_UNDECLARED_SELECTOR = YES;
				GCC_WARN_UNINITIALIZED_AUTOS = YES_AGGRESSIVE;
				GCC_WARN_UNUSED_FUNCTION = YES;
				GCC_WARN_UNUSED_VARIABLE = YES;
				HEADER_SEARCH_PATHS = /usr/local/cellar/boost/1.59.0/include/;
				MACOSX_DEPLOYMENT_TARGET = 10.11;
				MTL_ENABLE_DEBUG_INFO = YES;
				ONLY_ACTIVE_ARCH = YES;
				SDKROOT = macosx;
			};
			name = Debug;
		};
		8F41A8431C17CC9400EB59A3 /* Release */ = {
			isa = XCBuildConfiguration;
			buildSettings = {
				ALWAYS_SEARCH_USER_PATHS = NO;
				CLANG_CXX_LANGUAGE_STANDARD = "gnu++0x";
				CLANG_CXX_LIBRARY = "libc++";
				CLANG_ENABLE_MODULES = YES;
				CLANG_ENABLE_OBJC_ARC = YES;
				CLANG_WARN_BOOL_CONVERSION = YES;
				CLANG_WARN_CONSTANT_CONVERSION = YES;
				CLANG_WARN_DIRECT_OBJC_ISA_USAGE = YES_ERROR;
				CLANG_WARN_EMPTY_BODY = YES;
				CLANG_WARN_ENUM_CONVERSION = YES;
				CLANG_WARN_INT_CONVERSION = YES;
				CLANG_WARN_OBJC_ROOT_CLASS = YES_ERROR;
				CLANG_WARN_UNREACHABLE_CODE = YES;
				CLANG_WARN__DUPLICATE_METHOD_MATCH = YES;
				CODE_SIGN_IDENTITY = "-";
				COPY_PHASE_STRIP = NO;
				DEBUG_INFORMATION_FORMAT = "dwarf-with-dsym";
				ENABLE_NS_ASSERTIONS = NO;
				ENABLE_STRICT_OBJC_MSGSEND = YES;
				GCC_C_LANGUAGE_STANDARD = gnu99;
				GCC_NO_COMMON_BLOCKS = YES;
				GCC_WARN_64_TO_32_BIT_CONVERSION = YES;
				GCC_WARN_ABOUT_RETURN_TYPE = YES_ERROR;
				GCC_WARN_UNDECLARED_SELECTOR = YES;
				GCC_WARN_UNINITIALIZED_AUTOS = YES_AGGRESSIVE;
				GCC_WARN_UNUSED_FUNCTION = YES;
				GCC_WARN_UNUSED_VARIABLE = YES;
				HEADER_SEARCH_PATHS = /usr/local/cellar/boost/1.59.0/include/;
				MACOSX_DEPLOYMENT_TARGET = 10.11;
				MTL_ENABLE_DEBUG_INFO = NO;
				SDKROOT = macosx;
			};
			name = Release;
		};
		8F41A8451C17CC9400EB59A3 /* Debug */ = {
			isa = XCBuildConfiguration;
			buildSettings = {
				PRODUCT_NAME = "$(TARGET_NAME)";
			};
			name = Debug;
		};
		8F41A8461C17CC9400EB59A3 /* Release */ = {
			isa = XCBuildConfiguration;
			buildSettings = {
				PRODUCT_NAME = "$(TARGET_NAME)";
			};
			name = Release;
		};
/* End XCBuildConfiguration section */

/* Begin XCConfigurationList section */
		8F41A8381C17CC9400EB59A3 /* Build configuration list for PBXProject "knapsack3" */ = {
			isa = XCConfigurationList;
			buildConfigurations = (
				8F41A8421C17CC9400EB59A3 /* Debug */,
				8F41A8431C17CC9400EB59A3 /* Release */,
			);
			defaultConfigurationIsVisible = 0;
			defaultConfigurationName = Release;
		};
		8F41A8441C17CC9400EB59A3 /* Build configuration list for PBXNativeTarget "knapsack3" */ = {
			isa = XCConfigurationList;
			buildConfigurations = (
				8F41A8451C17CC9400EB59A3 /* Debug */,
				8F41A8461C17CC9400EB59A3 /* Release */,
			);
			defaultConfigurationIsVisible = 0;
			defaultConfigurationName = Release;
		};
/* End XCConfigurationList section */
	};
	rootObject = 8F41A8351C17CC9400EB59A3 /* Project object */;
}
